
Microsoft Visual Studio Solution File, Format Version 12.00
# Visual Studio Version 17
VisualStudioVersion = 17.5.002.0
MinimumVisualStudioVersion = 10.0.40219.1
Project("{9A19103F-16F7-4668-BE54-9A1E7A4F7556}") = "projedort", "projedort.csproj", "{5E460C60-EE4B-499A-919D-F6FAE88ECE2F}"
EndProject
Global
	GlobalSection(SolutionConfigurationPlatforms) = preSolution
		Debug|Any CPU = Debug|Any CPU
		Release|Any CPU = Release|Any CPU
	EndGlobalSection
	GlobalSection(ProjectConfigurationPlatforms) = postSolution
		{5E460C60-EE4B-499A-919D-F6FAE88ECE2F}.Debug|Any CPU.ActiveCfg = Debug|Any CPU
		{5E460C60-EE4B-499A-919D-F6FAE88ECE2F}.Debug|Any CPU.Build.0 = Debug|Any CPU
		{5E460C60-EE4B-499A-919D-F6FAE88ECE2F}.Release|Any CPU.ActiveCfg = Release|Any CPU
		{5E460C60-EE4B-499A-919D-F6FAE88ECE2F}.Release|Any CPU.Build.0 = Release|Any CPU
	EndGlobalSection
	GlobalSection(SolutionProperties) = preSolution
		HideSolutionNode = FALSE
	EndGlobalSection
	GlobalSection(ExtensibilityGlobals) = postSolution
		SolutionGuid = {F285F94B-3801-4E31-8110-8D8826B6AE5B}
	EndGlobalSection
EndGlobal
